
Microsoft Visual Studio Solution File, Format Version 12.00
# Visual Studio Version 17
VisualStudioVersion = 17.14.36221.1 d17.14
MinimumVisualStudioVersion = 10.0.40219.1
Project("{F184B08F-C81C-45F6-A57F-5ABD9991F28F}") = "CapaPresentacion", "CapaPresentacion\CapaPresentacion.vbproj", "{5A0683EB-CC9D-4574-B5BE-0CDA5988D4EB}"
EndProject
Project("{F184B08F-C81C-45F6-A57F-5ABD9991F28F}") = "CapaNegocio", "CapaNegocio\CapaNegocio.vbproj", "{C42DFC9F-80D2-4253-8C47-9C8454B1EBC0}"
EndProject
Project("{F184B08F-C81C-45F6-A57F-5ABD9991F28F}") = "CapaEntidad", "CapaEntidad\CapaEntidad.vbproj", "{4EDDC830-0CCC-4448-9EA6-2BBDE77FBF24}"
EndProject
Project("{F184B08F-C81C-45F6-A57F-5ABD9991F28F}") = "CapaDatos", "CapaDatos\CapaDatos.vbproj", "{113213A2-4D92-4478-9F3D-4E8E9D464B5F}"
EndProject
Global
	GlobalSection(SolutionConfigurationPlatforms) = preSolution
		Debug|Any CPU = Debug|Any CPU
		Release|Any CPU = Release|Any CPU
	EndGlobalSection
	GlobalSection(ProjectConfigurationPlatforms) = postSolution
		{5A0683EB-CC9D-4574-B5BE-0CDA5988D4EB}.Debug|Any CPU.ActiveCfg = Debug|Any CPU
		{5A0683EB-CC9D-4574-B5BE-0CDA5988D4EB}.Debug|Any CPU.Build.0 = Debug|Any CPU
		{5A0683EB-CC9D-4574-B5BE-0CDA5988D4EB}.Release|Any CPU.ActiveCfg = Release|Any CPU
		{5A0683EB-CC9D-4574-B5BE-0CDA5988D4EB}.Release|Any CPU.Build.0 = Release|Any CPU
		{C42DFC9F-80D2-4253-8C47-9C8454B1EBC0}.Debug|Any CPU.ActiveCfg = Debug|Any CPU
		{C42DFC9F-80D2-4253-8C47-9C8454B1EBC0}.Debug|Any CPU.Build.0 = Debug|Any CPU
		{C42DFC9F-80D2-4253-8C47-9C8454B1EBC0}.Release|Any CPU.ActiveCfg = Release|Any CPU
		{C42DFC9F-80D2-4253-8C47-9C8454B1EBC0}.Release|Any CPU.Build.0 = Release|Any CPU
		{4EDDC830-0CCC-4448-9EA6-2BBDE77FBF24}.Debug|Any CPU.ActiveCfg = Debug|Any CPU
		{4EDDC830-0CCC-4448-9EA6-2BBDE77FBF24}.Debug|Any CPU.Build.0 = Debug|Any CPU
		{4EDDC830-0CCC-4448-9EA6-2BBDE77FBF24}.Release|Any CPU.ActiveCfg = Release|Any CPU
		{4EDDC830-0CCC-4448-9EA6-2BBDE77FBF24}.Release|Any CPU.Build.0 = Release|Any CPU
		{113213A2-4D92-4478-9F3D-4E8E9D464B5F}.Debug|Any CPU.ActiveCfg = Debug|Any CPU
		{113213A2-4D92-4478-9F3D-4E8E9D464B5F}.Debug|Any CPU.Build.0 = Debug|Any CPU
		{113213A2-4D92-4478-9F3D-4E8E9D464B5F}.Release|Any CPU.ActiveCfg = Release|Any CPU
		{113213A2-4D92-4478-9F3D-4E8E9D464B5F}.Release|Any CPU.Build.0 = Release|Any CPU
	EndGlobalSection
	GlobalSection(SolutionProperties) = preSolution
		HideSolutionNode = FALSE
	EndGlobalSection
	GlobalSection(ExtensibilityGlobals) = postSolution
		SolutionGuid = {25E0E9EB-26C2-4F2A-8A07-86F16AC78722}
	EndGlobalSection
EndGlobal
