
Microsoft Visual Studio Solution File, Format Version 12.00
# Visual Studio Version 17
VisualStudioVersion = 17.14.36221.1
MinimumVisualStudioVersion = 10.0.40219.1
Project("{F184B08F-C81C-45F6-A57F-5ABD9991F28F}") = "CapaPresentacion", "CapaPresentacion\CapaPresentacion.vbproj", "{D2E93672-3D4C-47E6-8835-C3458695C631}"
EndProject
Project("{F184B08F-C81C-45F6-A57F-5ABD9991F28F}") = "CapaDatos", "CapaDatos\CapaDatos.vbproj", "{70E681E2-04CE-41D0-9579-049DC28C438E}"
EndProject
Project("{F184B08F-C81C-45F6-A57F-5ABD9991F28F}") = "CapaEntidad", "CapaEntidad\CapaEntidad.vbproj", "{9B7BE193-51F9-43E0-88D3-F73769953CE3}"
EndProject
Project("{F184B08F-C81C-45F6-A57F-5ABD9991F28F}") = "CapaNegocio", "CapaNegocio\CapaNegocio.vbproj", "{9C0709DB-8362-466B-9637-321DB8646393}"
EndProject
Global
	GlobalSection(SolutionConfigurationPlatforms) = preSolution
		Debug|Any CPU = Debug|Any CPU
		Release|Any CPU = Release|Any CPU
	EndGlobalSection
	GlobalSection(ProjectConfigurationPlatforms) = postSolution
		{D2E93672-3D4C-47E6-8835-C3458695C631}.Debug|Any CPU.ActiveCfg = Debug|Any CPU
		{D2E93672-3D4C-47E6-8835-C3458695C631}.Debug|Any CPU.Build.0 = Debug|Any CPU
		{D2E93672-3D4C-47E6-8835-C3458695C631}.Release|Any CPU.ActiveCfg = Release|Any CPU
		{D2E93672-3D4C-47E6-8835-C3458695C631}.Release|Any CPU.Build.0 = Release|Any CPU
		{70E681E2-04CE-41D0-9579-049DC28C438E}.Debug|Any CPU.ActiveCfg = Debug|Any CPU
		{70E681E2-04CE-41D0-9579-049DC28C438E}.Debug|Any CPU.Build.0 = Debug|Any CPU
		{70E681E2-04CE-41D0-9579-049DC28C438E}.Release|Any CPU.ActiveCfg = Release|Any CPU
		{70E681E2-04CE-41D0-9579-049DC28C438E}.Release|Any CPU.Build.0 = Release|Any CPU
		{9B7BE193-51F9-43E0-88D3-F73769953CE3}.Debug|Any CPU.ActiveCfg = Debug|Any CPU
		{9B7BE193-51F9-43E0-88D3-F73769953CE3}.Debug|Any CPU.Build.0 = Debug|Any CPU
		{9B7BE193-51F9-43E0-88D3-F73769953CE3}.Release|Any CPU.ActiveCfg = Release|Any CPU
		{9B7BE193-51F9-43E0-88D3-F73769953CE3}.Release|Any CPU.Build.0 = Release|Any CPU
		{9C0709DB-8362-466B-9637-321DB8646393}.Debug|Any CPU.ActiveCfg = Debug|Any CPU
		{9C0709DB-8362-466B-9637-321DB8646393}.Debug|Any CPU.Build.0 = Debug|Any CPU
		{9C0709DB-8362-466B-9637-321DB8646393}.Release|Any CPU.ActiveCfg = Release|Any CPU
		{9C0709DB-8362-466B-9637-321DB8646393}.Release|Any CPU.Build.0 = Release|Any CPU
	EndGlobalSection
	GlobalSection(SolutionProperties) = preSolution
		HideSolutionNode = FALSE
	EndGlobalSection
	GlobalSection(ExtensibilityGlobals) = postSolution
		SolutionGuid = {1F389D68-E9DE-4D12-B0EE-FC0AAF6CF365}
	EndGlobalSection
EndGlobal
